
Microsoft Visual Studio Solution File, Format Version 12.00
# Visual Studio 2013
VisualStudioVersion = 12.0.30723.0
MinimumVisualStudioVersion = 10.0.40219.1
Project("{F5034706-568F-408A-B7B3-4D38C6DB8A32}") = "AutoServerSetup", "AutoServerSetup.pssproj", "{6CAFC0C6-A428-4D30-A9F9-700E829FEA51}"
EndProject
Project("{2150E333-8FDC-42A3-9474-1A3956D46DE8}") = "Samples", "Samples", "{7046C944-4F77-44F9-BC25-1F8B6CC49D52}"
	ProjectSection(SolutionItems) = preProject
		..\Samples\AD-Sample.xml = ..\Samples\AD-Sample.xml
		..\Samples\AutoSPInstallerInput-Sample.xml = ..\Samples\AutoSPInstallerInput-Sample.xml
		..\Samples\DNS-Sample.xml = ..\Samples\DNS-Sample.xml
		..\Samples\MSOffice2013.xml = ..\Samples\MSOffice2013.xml
		..\Samples\ServerSetup-Sample.xml = ..\Samples\ServerSetup-Sample.xml
		..\Samples\ServerSetup-SP2013.xml = ..\Samples\ServerSetup-SP2013.xml
		..\Samples\ServerSetup-Win8.xml = ..\Samples\ServerSetup-Win8.xml
		..\Samples\SQL2012-Developer-SSASTABULAR.ini = ..\Samples\SQL2012-Developer-SSASTABULAR.ini
		..\Samples\SQL2012-Developer.ini = ..\Samples\SQL2012-Developer.ini
		..\Samples\VS2012-Pro.xml = ..\Samples\VS2012-Pro.xml
		..\Samples\VS2013-Pro.xml = ..\Samples\VS2013-Pro.xml
		..\Samples\VS2013-Ultimate.xml = ..\Samples\VS2013-Ultimate.xml
		..\Samples\WorkflowManager-SP2013.xml = ..\Samples\WorkflowManager-SP2013.xml
	EndProjectSection
EndProject
Project("{2150E333-8FDC-42A3-9474-1A3956D46DE8}") = "BuildTools", "BuildTools", "{4597D0FD-1228-493E-803F-B10D907E4A1A}"
	ProjectSection(SolutionItems) = preProject
		..\buildtools\buildscript.ps1 = ..\buildtools\buildscript.ps1
		Create-BuildPackage.ps1 = Create-BuildPackage.ps1
	EndProjectSection
EndProject
Global
	GlobalSection(TeamFoundationVersionControl) = preSolution
		SccNumberOfProjects = 2
		SccEnterpriseProvider = {4CA58AB2-18FA-4F8D-95D4-32DDF27D184C}
		SccTeamFoundationServer = https://tfs.codeplex.com/tfs/tfs33
		SccLocalPath0 = .
		SccProjectUniqueName1 = AutoServerSetup.pssproj
		SccLocalPath1 = .
	EndGlobalSection
	GlobalSection(SolutionConfigurationPlatforms) = preSolution
		Debug|Any CPU = Debug|Any CPU
		Release|Any CPU = Release|Any CPU
	EndGlobalSection
	GlobalSection(ProjectConfigurationPlatforms) = postSolution
		{6CAFC0C6-A428-4D30-A9F9-700E829FEA51}.Debug|Any CPU.ActiveCfg = Debug|Any CPU
		{6CAFC0C6-A428-4D30-A9F9-700E829FEA51}.Debug|Any CPU.Build.0 = Debug|Any CPU
		{6CAFC0C6-A428-4D30-A9F9-700E829FEA51}.Release|Any CPU.ActiveCfg = Release|Any CPU
		{6CAFC0C6-A428-4D30-A9F9-700E829FEA51}.Release|Any CPU.Build.0 = Release|Any CPU
	EndGlobalSection
	GlobalSection(SolutionProperties) = preSolution
		HideSolutionNode = FALSE
	EndGlobalSection
EndGlobal
